
Microsoft Visual Studio Solution File, Format Version 12.00
# Visual Studio 15
VisualStudioVersion = 15.0.28307.572
MinimumVisualStudioVersion = 10.0.40219.1
Project("{FAE04EC0-301F-11D3-BF4B-00C04F79EFBC}") = "Dice", "Dice\Dice.csproj", "{333E93D5-F812-4D2F-ADF3-5A5450FCB54D}"
EndProject
Global
	GlobalSection(SolutionConfigurationPlatforms) = preSolution
		Debug|Any CPU = Debug|Any CPU
		Release|Any CPU = Release|Any CPU
	EndGlobalSection
	GlobalSection(ProjectConfigurationPlatforms) = postSolution
		{333E93D5-F812-4D2F-ADF3-5A5450FCB54D}.Debug|Any CPU.ActiveCfg = Debug|Any CPU
		{333E93D5-F812-4D2F-ADF3-5A5450FCB54D}.Debug|Any CPU.Build.0 = Debug|Any CPU
		{333E93D5-F812-4D2F-ADF3-5A5450FCB54D}.Release|Any CPU.ActiveCfg = Release|Any CPU
		{333E93D5-F812-4D2F-ADF3-5A5450FCB54D}.Release|Any CPU.Build.0 = Release|Any CPU
	EndGlobalSection
	GlobalSection(SolutionProperties) = preSolution
		HideSolutionNode = FALSE
	EndGlobalSection
	GlobalSection(ExtensibilityGlobals) = postSolution
		SolutionGuid = {E9EF0E06-E820-4B43-8A3A-27345991FD1B}
	EndGlobalSection
EndGlobal
